
Microsoft Visual Studio Solution File, Format Version 12.00
# Visual Studio Version 16
VisualStudioVersion = 16.0.29709.97
MinimumVisualStudioVersion = 10.0.40219.1
Project("{FAE04EC0-301F-11D3-BF4B-00C04F79EFBC}") = "Test for Corna", "Test for Corna\Test for Corna.csproj", "{79D8A75F-8266-4B98-89CC-21D4753B2215}"
EndProject
Global
	GlobalSection(SolutionConfigurationPlatforms) = preSolution
		Debug|Any CPU = Debug|Any CPU
		Release|Any CPU = Release|Any CPU
	EndGlobalSection
	GlobalSection(ProjectConfigurationPlatforms) = postSolution
		{79D8A75F-8266-4B98-89CC-21D4753B2215}.Debug|Any CPU.ActiveCfg = Debug|Any CPU
		{79D8A75F-8266-4B98-89CC-21D4753B2215}.Debug|Any CPU.Build.0 = Debug|Any CPU
		{79D8A75F-8266-4B98-89CC-21D4753B2215}.Release|Any CPU.ActiveCfg = Release|Any CPU
		{79D8A75F-8266-4B98-89CC-21D4753B2215}.Release|Any CPU.Build.0 = Release|Any CPU
	EndGlobalSection
	GlobalSection(SolutionProperties) = preSolution
		HideSolutionNode = FALSE
	EndGlobalSection
	GlobalSection(ExtensibilityGlobals) = postSolution
		SolutionGuid = {14F31539-587E-4534-A642-5F56CF44F318}
	EndGlobalSection
EndGlobal
